
Microsoft Visual Studio Solution File, Format Version 12.00
# Visual Studio Version 17
VisualStudioVersion = 17.5.33424.131
MinimumVisualStudioVersion = 10.0.40219.1
Project("{2150E333-8FDC-42A3-9474-1A3956D46DE8}") = "01 Kintamieji", "01 Kintamieji", "{97E59A10-27A4-4C17-9EC9-62A70C2FAB5A}"
EndProject
Project("{2150E333-8FDC-42A3-9474-1A3956D46DE8}") = "02 Isvedimas", "02 Isvedimas", "{5534D8E1-F6D7-46AA-94DD-4BA05EFA1573}"
EndProject
Project("{FAE04EC0-301F-11D3-BF4B-00C04F79EFBC}") = "DemoKintamieji", "DemoKintamieji\DemoKintamieji.csproj", "{6F873929-5F99-407D-92A4-9F0BC6D5C794}"
EndProject
Project("{FAE04EC0-301F-11D3-BF4B-00C04F79EFBC}") = "DemoIsmetimas", "DemoIsmetimas\DemoIsmetimas.csproj", "{17F51B02-277C-4AD0-BEEB-C0DEEA14B41C}"
EndProject
Project("{2150E333-8FDC-42A3-9474-1A3956D46DE8}") = "04 Ivedimas", "04 Ivedimas", "{4CCEB189-7782-45AA-822B-8896492F47A9}"
EndProject
Project("{FAE04EC0-301F-11D3-BF4B-00C04F79EFBC}") = "DemoIvedimas", "DemoIvedimas\DemoIvedimas.csproj", "{15EFAC6A-B233-4278-85E2-6C688DD27618}"
EndProject
Project("{2150E333-8FDC-42A3-9474-1A3956D46DE8}") = "03 Aritmetiniai veiksmai", "03 Aritmetiniai veiksmai", "{5C2E1C6D-D448-4A8E-8346-C0C871DBC342}"
	ProjectSection(SolutionItems) = preProject
		AritmetiniaiVeiksmai\App.config = AritmetiniaiVeiksmai\App.config
		AritmetiniaiVeiksmai\Program.cs = AritmetiniaiVeiksmai\Program.cs
	EndProjectSection
EndProject
Project("{2150E333-8FDC-42A3-9474-1A3956D46DE8}") = "05 If Salyga", "05 If Salyga", "{EE4694BC-68A7-477F-8962-F20C5C1BB1B2}"
EndProject
Project("{FAE04EC0-301F-11D3-BF4B-00C04F79EFBC}") = "DemoIfSalyga", "DemoIfSalyga\DemoIfSalyga.csproj", "{E0E1441E-71B5-4776-A889-E15C7EDFF16F}"
EndProject
Project("{2150E333-8FDC-42A3-9474-1A3956D46DE8}") = "06 switch", "06 switch", "{F5F34EFF-961B-404B-B93E-D0F34937E56C}"
EndProject
Project("{FAE04EC0-301F-11D3-BF4B-00C04F79EFBC}") = "DemoSwitch", "DemoSwitch\DemoSwitch.csproj", "{FCB3BBDA-15EB-4A55-8F1A-BC4FEE965112}"
EndProject
Project("{2150E333-8FDC-42A3-9474-1A3956D46DE8}") = "07 Ciklas", "07 Ciklas", "{FB0D6A53-283F-43B3-AED3-A38310900A0A}"
EndProject
Project("{FAE04EC0-301F-11D3-BF4B-00C04F79EFBC}") = "DemoCiklas", "DemoCiklas\DemoCiklas.csproj", "{A95E59B9-3038-44B1-9DE0-4333EB9E04DE}"
EndProject
Project("{2150E333-8FDC-42A3-9474-1A3956D46DE8}") = "08 While ciklas", "08 While ciklas", "{BAB3C11F-BBE1-419B-9EAA-9578255E313A}"
EndProject
Project("{FAE04EC0-301F-11D3-BF4B-00C04F79EFBC}") = "08 While ciklas", "08 While ciklas\08 While ciklas.csproj", "{DA382973-CA3D-4F32-B18D-C950CB8352C9}"
EndProject
Global
	GlobalSection(SolutionConfigurationPlatforms) = preSolution
		Debug|Any CPU = Debug|Any CPU
		Release|Any CPU = Release|Any CPU
	EndGlobalSection
	GlobalSection(ProjectConfigurationPlatforms) = postSolution
		{6F873929-5F99-407D-92A4-9F0BC6D5C794}.Debug|Any CPU.ActiveCfg = Debug|Any CPU
		{6F873929-5F99-407D-92A4-9F0BC6D5C794}.Debug|Any CPU.Build.0 = Debug|Any CPU
		{6F873929-5F99-407D-92A4-9F0BC6D5C794}.Release|Any CPU.ActiveCfg = Release|Any CPU
		{6F873929-5F99-407D-92A4-9F0BC6D5C794}.Release|Any CPU.Build.0 = Release|Any CPU
		{17F51B02-277C-4AD0-BEEB-C0DEEA14B41C}.Debug|Any CPU.ActiveCfg = Debug|Any CPU
		{17F51B02-277C-4AD0-BEEB-C0DEEA14B41C}.Debug|Any CPU.Build.0 = Debug|Any CPU
		{17F51B02-277C-4AD0-BEEB-C0DEEA14B41C}.Release|Any CPU.ActiveCfg = Release|Any CPU
		{17F51B02-277C-4AD0-BEEB-C0DEEA14B41C}.Release|Any CPU.Build.0 = Release|Any CPU
		{15EFAC6A-B233-4278-85E2-6C688DD27618}.Debug|Any CPU.ActiveCfg = Debug|Any CPU
		{15EFAC6A-B233-4278-85E2-6C688DD27618}.Debug|Any CPU.Build.0 = Debug|Any CPU
		{15EFAC6A-B233-4278-85E2-6C688DD27618}.Release|Any CPU.ActiveCfg = Release|Any CPU
		{15EFAC6A-B233-4278-85E2-6C688DD27618}.Release|Any CPU.Build.0 = Release|Any CPU
		{E0E1441E-71B5-4776-A889-E15C7EDFF16F}.Debug|Any CPU.ActiveCfg = Debug|Any CPU
		{E0E1441E-71B5-4776-A889-E15C7EDFF16F}.Debug|Any CPU.Build.0 = Debug|Any CPU
		{E0E1441E-71B5-4776-A889-E15C7EDFF16F}.Release|Any CPU.ActiveCfg = Release|Any CPU
		{E0E1441E-71B5-4776-A889-E15C7EDFF16F}.Release|Any CPU.Build.0 = Release|Any CPU
		{FCB3BBDA-15EB-4A55-8F1A-BC4FEE965112}.Debug|Any CPU.ActiveCfg = Debug|Any CPU
		{FCB3BBDA-15EB-4A55-8F1A-BC4FEE965112}.Debug|Any CPU.Build.0 = Debug|Any CPU
		{FCB3BBDA-15EB-4A55-8F1A-BC4FEE965112}.Release|Any CPU.ActiveCfg = Release|Any CPU
		{FCB3BBDA-15EB-4A55-8F1A-BC4FEE965112}.Release|Any CPU.Build.0 = Release|Any CPU
		{A95E59B9-3038-44B1-9DE0-4333EB9E04DE}.Debug|Any CPU.ActiveCfg = Debug|Any CPU
		{A95E59B9-3038-44B1-9DE0-4333EB9E04DE}.Debug|Any CPU.Build.0 = Debug|Any CPU
		{A95E59B9-3038-44B1-9DE0-4333EB9E04DE}.Release|Any CPU.ActiveCfg = Release|Any CPU
		{A95E59B9-3038-44B1-9DE0-4333EB9E04DE}.Release|Any CPU.Build.0 = Release|Any CPU
		{DA382973-CA3D-4F32-B18D-C950CB8352C9}.Debug|Any CPU.ActiveCfg = Debug|Any CPU
		{DA382973-CA3D-4F32-B18D-C950CB8352C9}.Debug|Any CPU.Build.0 = Debug|Any CPU
		{DA382973-CA3D-4F32-B18D-C950CB8352C9}.Release|Any CPU.ActiveCfg = Release|Any CPU
		{DA382973-CA3D-4F32-B18D-C950CB8352C9}.Release|Any CPU.Build.0 = Release|Any CPU
	EndGlobalSection
	GlobalSection(SolutionProperties) = preSolution
		HideSolutionNode = FALSE
	EndGlobalSection
	GlobalSection(NestedProjects) = preSolution
		{6F873929-5F99-407D-92A4-9F0BC6D5C794} = {97E59A10-27A4-4C17-9EC9-62A70C2FAB5A}
		{17F51B02-277C-4AD0-BEEB-C0DEEA14B41C} = {5534D8E1-F6D7-46AA-94DD-4BA05EFA1573}
		{15EFAC6A-B233-4278-85E2-6C688DD27618} = {4CCEB189-7782-45AA-822B-8896492F47A9}
		{E0E1441E-71B5-4776-A889-E15C7EDFF16F} = {EE4694BC-68A7-477F-8962-F20C5C1BB1B2}
		{FCB3BBDA-15EB-4A55-8F1A-BC4FEE965112} = {F5F34EFF-961B-404B-B93E-D0F34937E56C}
		{A95E59B9-3038-44B1-9DE0-4333EB9E04DE} = {FB0D6A53-283F-43B3-AED3-A38310900A0A}
		{DA382973-CA3D-4F32-B18D-C950CB8352C9} = {BAB3C11F-BBE1-419B-9EAA-9578255E313A}
	EndGlobalSection
	GlobalSection(ExtensibilityGlobals) = postSolution
		SolutionGuid = {13FFF9E9-3D32-4AB5-AF73-899CA591A8AF}
	EndGlobalSection
EndGlobal
